
Microsoft Visual Studio Solution File, Format Version 12.00
# Visual Studio 2013
VisualStudioVersion = 12.0.40629.0
MinimumVisualStudioVersion = 10.0.40219.1
Project("{2150E333-8FDC-42A3-9474-1A3956D46DE8}") = "M1HelloWorld", "M1HelloWorld", "{025335E5-98B8-4531-B35A-3078B26985A9}"
EndProject
Project("{FAE04EC0-301F-11D3-BF4B-00C04F79EFBC}") = "MvcHelloWorld", "MvcHelloWorld\MvcHelloWorld.csproj", "{DD23D5B5-30F8-4EB2-BF1F-30EE9ACF0BD6}"
EndProject
Global
	GlobalSection(SolutionConfigurationPlatforms) = preSolution
		Debug|Any CPU = Debug|Any CPU
		Release|Any CPU = Release|Any CPU
	EndGlobalSection
	GlobalSection(ProjectConfigurationPlatforms) = postSolution
		{DD23D5B5-30F8-4EB2-BF1F-30EE9ACF0BD6}.Debug|Any CPU.ActiveCfg = Debug|Any CPU
		{DD23D5B5-30F8-4EB2-BF1F-30EE9ACF0BD6}.Debug|Any CPU.Build.0 = Debug|Any CPU
		{DD23D5B5-30F8-4EB2-BF1F-30EE9ACF0BD6}.Release|Any CPU.ActiveCfg = Release|Any CPU
		{DD23D5B5-30F8-4EB2-BF1F-30EE9ACF0BD6}.Release|Any CPU.Build.0 = Release|Any CPU
	EndGlobalSection
	GlobalSection(SolutionProperties) = preSolution
		HideSolutionNode = FALSE
	EndGlobalSection
	GlobalSection(NestedProjects) = preSolution
		{DD23D5B5-30F8-4EB2-BF1F-30EE9ACF0BD6} = {025335E5-98B8-4531-B35A-3078B26985A9}
	EndGlobalSection
EndGlobal
